{
  "name": "@posva/vuefire-core",
  "version": "2.3.4",
  "lockfileVersion": 2,
  "requires": true,
  "packages": {
    "": {
      "version": "2.3.4",
      "license": "MIT",
      "devDependencies": {
        "@posva/vuefire-test-helpers": "file:../vuefire-test-helpers"
      }
    },
    "../vuefire-test-helpers": {
      "version": "1.2.3",
      "dev": true,
      "license": "MIT",
      "dependencies": {
        "firebase-mock": "^2.2.10",
        "vue": "^3.0.11"
      }
    },
    "node_modules/@posva/vuefire-test-helpers": {
      "resolved": "../vuefire-test-helpers",
      "link": true
    }
  },
  "dependencies": {
    "@posva/vuefire-test-helpers": {
      "version": "file:../vuefire-test-helpers",
      "requires": {
        "firebase-mock": "^2.2.10",
        "vue": "^3.0.11"
      }
    }
  }
}
